{
  "originHash" : "548bcd690a2867a1c20aaea2d4d00c03b5e43581eda3aa32adf35dbc04668769",
  "pins" : [
    {
      "identity" : "llm.swift",
      "kind" : "remoteSourceControl",
      "location" : "https://github.com/eastriverlee/LLM.swift/",
      "state" : {
        "revision" : "4c4e909ac4758c628c9cd263a0c25b6edff5526d",
        "version" : "2.0.1"
      }
    },
    {
      "identity" : "swift-syntax",
      "kind" : "remoteSourceControl",
      "location" : "https://github.com/apple/swift-syntax.git",
      "state" : {
        "revision" : "21b3b45635decd1a0b89968f81b6d9a93128f773",
        "version" : "602.0.0-prerelease-2025-08-11"
      }
    },
    {
      "identity" : "wwhud",
      "kind" : "remoteSourceControl",
      "location" : "https://github.com/William-Weng/WWHUD",
      "state" : {
        "revision" : "c60fc05a3033eafa736bd591e7041d79b5f6f209",
        "version" : "1.4.0"
      }
    }
  ],
  "version" : 3
}
